PODS:
  - fluid-slider (0.0.6):
    - pop
  - pop (1.0.10)

DEPENDENCIES:
  - fluid-slider

SPEC REPOS:
  https://github.com/CocoaPods/Specs.git:
    - fluid-slider
    - pop

SPEC CHECKSUMS:
  fluid-slider: 3aeb48bd7f875dc0431963fde12674e69c7c0ed2
  pop: 82ca6b068ce9278fd350fd9dd09482a0ce9492e6

PODFILE CHECKSUM: 5f6033aeaa71f8ff52c6e003733dd6aad18ff059

COCOAPODS: 1.5.0
